
Microsoft Visual Studio Solution File, Format Version 12.00
# Visual Studio Version 17
VisualStudioVersion = 17.2.32526.322
MinimumVisualStudioVersion = 10.0.40219.1
Project("{FAE04EC0-301F-11D3-BF4B-00C04F79EFBC}") = "RemoveVignette", "RemoveVignette.csproj", "{D4913D7D-D8D9-442C-A30B-1B07B224536A}"
EndProject
Global
	GlobalSection(SolutionConfigurationPlatforms) = preSolution
		Debug|Any CPU = Debug|Any CPU
		Release|Any CPU = Release|Any CPU
	EndGlobalSection
	GlobalSection(ProjectConfigurationPlatforms) = postSolution
		{D4913D7D-D8D9-442C-A30B-1B07B224536A}.Debug|Any CPU.ActiveCfg = Debug|Any CPU
		{D4913D7D-D8D9-442C-A30B-1B07B224536A}.Debug|Any CPU.Build.0 = Debug|Any CPU
		{D4913D7D-D8D9-442C-A30B-1B07B224536A}.Release|Any CPU.ActiveCfg = Release|Any CPU
		{D4913D7D-D8D9-442C-A30B-1B07B224536A}.Release|Any CPU.Build.0 = Release|Any CPU
	EndGlobalSection
	GlobalSection(SolutionProperties) = preSolution
		HideSolutionNode = FALSE
	EndGlobalSection
	GlobalSection(ExtensibilityGlobals) = postSolution
		SolutionGuid = {220D0579-9EC2-48E3-B8F0-4FC59595EAEC}
	EndGlobalSection
EndGlobal
